// !$*UTF8*$!
{
	archiveVersion = 1;
	classes = {
	};
	objectVersion = 50;
	objects = {

/* Begin PBXBuildFile section */
		0825E9E12090BF5D0041B911 /* YuneecWifiDataTransfer.framework in Embed Frameworks */ = {isa = PBXBuildFile; fileRef = 08A2BBD4208FCF39005EBAAC /* YuneecWifiDataTransfer.framework */; settings = {ATTRIBUTES = (CodeSignOnCopy, RemoveHeadersOnCopy, ); }; };
		0825E9E22090BF5D0041B911 /* YuneecMFiDataTransfer.framework in Embed Frameworks */ = {isa = PBXBuildFile; fileRef = 08A2BBD1208FCF39005EBAAC /* YuneecMFiDataTransfer.framework */; settings = {ATTRIBUTES = (CodeSignOnCopy, RemoveHeadersOnCopy, ); }; };
		0825E9E32090BF5D0041B911 /* BaseFramework.framework in Embed Frameworks */ = {isa = PBXBuildFile; fileRef = 08A2BBCC208FCF39005EBAAC /* BaseFramework.framework */; settings = {ATTRIBUTES = (CodeSignOnCopy, RemoveHeadersOnCopy, ); }; };
		0825E9E42090BF5D0041B911 /* MediaBase.framework in Embed Frameworks */ = {isa = PBXBuildFile; fileRef = 08A2BBBF208FCF39005EBAAC /* MediaBase.framework */; settings = {ATTRIBUTES = (CodeSignOnCopy, RemoveHeadersOnCopy, ); }; };
		0825E9E52090BF5D0041B911 /* FFMpegDemuxer.framework in Embed Frameworks */ = {isa = PBXBuildFile; fileRef = 08A2BBB6208FCF39005EBAAC /* FFMpegDemuxer.framework */; settings = {ATTRIBUTES = (CodeSignOnCopy, RemoveHeadersOnCopy, ); }; };
		0825E9E62090BF5D0041B911 /* FFMpegLowDelayDemuxer.framework in Embed Frameworks */ = {isa = PBXBuildFile; fileRef = 08A2BBB3208FCF39005EBAAC /* FFMpegLowDelayDemuxer.framework */; settings = {ATTRIBUTES = (CodeSignOnCopy, RemoveHeadersOnCopy, ); }; };
		0825E9E82090C05F0041B911 /* CocoaAsyncSocket.framework in Embed Frameworks */ = {isa = PBXBuildFile; fileRef = 0825E9E72090C05F0041B911 /* CocoaAsyncSocket.framework */; settings = {ATTRIBUTES = (CodeSignOnCopy, RemoveHeadersOnCopy, ); }; };
		08B00DC8208F98A500762EE3 /* AppDelegate.m in Sources */ = {isa = PBXBuildFile; fileRef = 08B00DC7208F98A500762EE3 /* AppDelegate.m */; };
		08B00DCB208F98A500762EE3 /* ViewController.m in Sources */ = {isa = PBXBuildFile; fileRef = 08B00DCA208F98A500762EE3 /* ViewController.m */; };
		08B00DCE208F98A500762EE3 /* Main.storyboard in Resources */ = {isa = PBXBuildFile; fileRef = 08B00DCC208F98A500762EE3 /* Main.storyboard */; };
		08B00DD0208F98A700762EE3 /* Assets.xcassets in Resources */ = {isa = PBXBuildFile; fileRef = 08B00DCF208F98A700762EE3 /* Assets.xcassets */; };
		08B00DD3208F98A700762EE3 /* LaunchScreen.storyboard in Resources */ = {isa = PBXBuildFile; fileRef = 08B00DD1208F98A700762EE3 /* LaunchScreen.storyboard */; };
		08B00DD6208F98A700762EE3 /* main.m in Sources */ = {isa = PBXBuildFile; fileRef = 08B00DD5208F98A700762EE3 /* main.m */; };
		08B00DE0208FB7DB00762EE3 /* MFiConnectionStateAdapter.m in Sources */ = {isa = PBXBuildFile; fileRef = 08B00DDF208FB7DA00762EE3 /* MFiConnectionStateAdapter.m */; };
		08B608532090BDC4002A440A /* YuneecDataTransferManager.framework in Embed Frameworks */ = {isa = PBXBuildFile; fileRef = 08A2BBB0208FCF1A005EBAAC /* YuneecDataTransferManager.framework */; settings = {ATTRIBUTES = (CodeSignOnCopy, RemoveHeadersOnCopy, ); }; };
/* End PBXBuildFile section */

/* Begin PBXCopyFilesBuildPhase section */
		08434940208FC53500554C4D /* Embed Frameworks */ = {
			isa = PBXCopyFilesBuildPhase;
			buildActionMask = 2147483647;
			dstPath = "";
			dstSubfolderSpec = 10;
			files = (
				0825E9E82090C05F0041B911 /* CocoaAsyncSocket.framework in Embed Frameworks */,
				0825E9E12090BF5D0041B911 /* YuneecWifiDataTransfer.framework in Embed Frameworks */,
				0825E9E22090BF5D0041B911 /* YuneecMFiDataTransfer.framework in Embed Frameworks */,
				0825E9E32090BF5D0041B911 /* BaseFramework.framework in Embed Frameworks */,
				0825E9E42090BF5D0041B911 /* MediaBase.framework in Embed Frameworks */,
				0825E9E52090BF5D0041B911 /* FFMpegDemuxer.framework in Embed Frameworks */,
				0825E9E62090BF5D0041B911 /* FFMpegLowDelayDemuxer.framework in Embed Frameworks */,
				08B608532090BDC4002A440A /* YuneecDataTransferManager.framework in Embed Frameworks */,
			);
			name = "Embed Frameworks";
			runOnlyForDeploymentPostprocessing = 0;
		};
/* End PBXCopyFilesBuildPhase section */

/* Begin PBXFileReference section */
		0825E9E72090C05F0041B911 /* CocoaAsyncSocket.framework */ = {isa = PBXFileReference; lastKnownFileType = wrapper.framework; name = CocoaAsyncSocket.framework; path = Carthage/Build/iOS/CocoaAsyncSocket.framework; sourceTree = "<group>"; };
		08A2BBB0208FCF1A005EBAAC /* YuneecDataTransferManager.framework */ = {isa = PBXFileReference; explicitFileType = wrapper.framework; path = YuneecDataTransferManager.framework; sourceTree = BUILT_PRODUCTS_DIR; };
		08A2BBB3208FCF39005EBAAC /* FFMpegLowDelayDemuxer.framework */ = {isa = PBXFileReference; explicitFileType = wrapper.framework; path = FFMpegLowDelayDemuxer.framework; sourceTree = BUILT_PRODUCTS_DIR; };
		08A2BBB6208FCF39005EBAAC /* FFMpegDemuxer.framework */ = {isa = PBXFileReference; explicitFileType = wrapper.framework; path = FFMpegDemuxer.framework; sourceTree = BUILT_PRODUCTS_DIR; };
		08A2BBB9208FCF39005EBAAC /* FFMpegDecoder.framework */ = {isa = PBXFileReference; explicitFileType = wrapper.framework; path = FFMpegDecoder.framework; sourceTree = BUILT_PRODUCTS_DIR; };
		08A2BBBC208FCF39005EBAAC /* FFMpegLowDelayDecoder.framework */ = {isa = PBXFileReference; explicitFileType = wrapper.framework; path = FFMpegLowDelayDecoder.framework; sourceTree = BUILT_PRODUCTS_DIR; };
		08A2BBBF208FCF39005EBAAC /* MediaBase.framework */ = {isa = PBXFileReference; explicitFileType = wrapper.framework; path = MediaBase.framework; sourceTree = BUILT_PRODUCTS_DIR; };
		08A2BBCC208FCF39005EBAAC /* BaseFramework.framework */ = {isa = PBXFileReference; explicitFileType = wrapper.framework; path = BaseFramework.framework; sourceTree = BUILT_PRODUCTS_DIR; };
		08A2BBD1208FCF39005EBAAC /* YuneecMFiDataTransfer.framework */ = {isa = PBXFileReference; explicitFileType = wrapper.framework; path = YuneecMFiDataTransfer.framework; sourceTree = BUILT_PRODUCTS_DIR; };
		08A2BBD4208FCF39005EBAAC /* YuneecWifiDataTransfer.framework */ = {isa = PBXFileReference; explicitFileType = wrapper.framework; path = YuneecWifiDataTransfer.framework; sourceTree = BUILT_PRODUCTS_DIR; };
		08B00DC3208F98A500762EE3 /* MFiExample.app */ = {isa = PBXFileReference; explicitFileType = wrapper.application; includeInIndex = 0; path = MFiExample.app; sourceTree = BUILT_PRODUCTS_DIR; };
		08B00DC6208F98A500762EE3 /* AppDelegate.h */ = {isa = PBXFileReference; lastKnownFileType = sourcecode.c.h; path = AppDelegate.h; sourceTree = "<group>"; };
		08B00DC7208F98A500762EE3 /* AppDelegate.m */ = {isa = PBXFileReference; lastKnownFileType = sourcecode.c.objc; path = AppDelegate.m; sourceTree = "<group>"; };
		08B00DC9208F98A500762EE3 /* ViewController.h */ = {isa = PBXFileReference; lastKnownFileType = sourcecode.c.h; path = ViewController.h; sourceTree = "<group>"; };
		08B00DCA208F98A500762EE3 /* ViewController.m */ = {isa = PBXFileReference; lastKnownFileType = sourcecode.c.objc; path = ViewController.m; sourceTree = "<group>"; };
		08B00DCD208F98A500762EE3 /* Base */ = {isa = PBXFileReference; lastKnownFileType = file.storyboard; name = Base; path = Base.lproj/Main.storyboard; sourceTree = "<group>"; };
		08B00DCF208F98A700762EE3 /* Assets.xcassets */ = {isa = PBXFileReference; lastKnownFileType = folder.assetcatalog; path = Assets.xcassets; sourceTree = "<group>"; };
		08B00DD2208F98A700762EE3 /* Base */ = {isa = PBXFileReference; lastKnownFileType = file.storyboard; name = Base; path = Base.lproj/LaunchScreen.storyboard; sourceTree = "<group>"; };
		08B00DD4208F98A700762EE3 /* Info.plist */ = {isa = PBXFileReference; lastKnownFileType = text.plist.xml; path = Info.plist; sourceTree = "<group>"; };
		08B00DD5208F98A700762EE3 /* main.m */ = {isa = PBXFileReference; lastKnownFileType = sourcecode.c.objc; path = main.m; sourceTree = "<group>"; };
		08B00DDE208FB7DA00762EE3 /* MFiConnectionStateAdapter.h */ = {isa = PBXFileReference; fileEncoding = 4; lastKnownFileType = sourcecode.c.h; path = MFiConnectionStateAdapter.h; sourceTree = "<group>"; };
		08B00DDF208FB7DA00762EE3 /* MFiConnectionStateAdapter.m */ = {isa = PBXFileReference; fileEncoding = 4; lastKnownFileType = sourcecode.c.objc; path = MFiConnectionStateAdapter.m; sourceTree = "<group>"; };
/* End PBXFileReference section */

/* Begin PBXFrameworksBuildPhase section */
		08B00DC0208F98A500762EE3 /* Frameworks */ = {
			isa = PBXFrameworksBuildPhase;
			buildActionMask = 2147483647;
			files = (
			);
			runOnlyForDeploymentPostprocessing = 0;
		};
/* End PBXFrameworksBuildPhase section */

/* Begin PBXGroup section */
		08B00DBA208F98A500762EE3 = {
			isa = PBXGroup;
			children = (
				0825E9E72090C05F0041B911 /* CocoaAsyncSocket.framework */,
				08A2BBD4208FCF39005EBAAC /* YuneecWifiDataTransfer.framework */,
				08A2BBD1208FCF39005EBAAC /* YuneecMFiDataTransfer.framework */,
				08A2BBCC208FCF39005EBAAC /* BaseFramework.framework */,
				08A2BBBF208FCF39005EBAAC /* MediaBase.framework */,
				08A2BBBC208FCF39005EBAAC /* FFMpegLowDelayDecoder.framework */,
				08A2BBB9208FCF39005EBAAC /* FFMpegDecoder.framework */,
				08A2BBB6208FCF39005EBAAC /* FFMpegDemuxer.framework */,
				08A2BBB3208FCF39005EBAAC /* FFMpegLowDelayDemuxer.framework */,
				08A2BBB0208FCF1A005EBAAC /* YuneecDataTransferManager.framework */,
				08B00DC5208F98A500762EE3 /* MFiExample */,
				08B00DC4208F98A500762EE3 /* Products */,
				08B00DE1208FBA8C00762EE3 /* Frameworks */,
			);
			sourceTree = "<group>";
		};
		08B00DC4208F98A500762EE3 /* Products */ = {
			isa = PBXGroup;
			children = (
				08B00DC3208F98A500762EE3 /* MFiExample.app */,
			);
			name = Products;
			sourceTree = "<group>";
		};
		08B00DC5208F98A500762EE3 /* MFiExample */ = {
			isa = PBXGroup;
			children = (
				08B00DC6208F98A500762EE3 /* AppDelegate.h */,
				08B00DC7208F98A500762EE3 /* AppDelegate.m */,
				08B00DC9208F98A500762EE3 /* ViewController.h */,
				08B00DCA208F98A500762EE3 /* ViewController.m */,
				08B00DDE208FB7DA00762EE3 /* MFiConnectionStateAdapter.h */,
				08B00DDF208FB7DA00762EE3 /* MFiConnectionStateAdapter.m */,
				08B00DCC208F98A500762EE3 /* Main.storyboard */,
				08B00DCF208F98A700762EE3 /* Assets.xcassets */,
				08B00DD1208F98A700762EE3 /* LaunchScreen.storyboard */,
				08B00DD4208F98A700762EE3 /* Info.plist */,
				08B00DD5208F98A700762EE3 /* main.m */,
			);
			path = MFiExample;
			sourceTree = "<group>";
		};
		08B00DE1208FBA8C00762EE3 /* Frameworks */ = {
			isa = PBXGroup;
			children = (
			);
			name = Frameworks;
			sourceTree = "<group>";
		};
/* End PBXGroup section */

/* Begin PBXNativeTarget section */
		08B00DC2208F98A500762EE3 /* MFiExample */ = {
			isa = PBXNativeTarget;
			buildConfigurationList = 08B00DD9208F98A700762EE3 /* Build configuration list for PBXNativeTarget "MFiExample" */;
			buildPhases = (
				08B00DBF208F98A500762EE3 /* Sources */,
				08B00DC0208F98A500762EE3 /* Frameworks */,
				08B00DC1208F98A500762EE3 /* Resources */,
				08434940208FC53500554C4D /* Embed Frameworks */,
			);
			buildRules = (
			);
			dependencies = (
			);
			name = MFiExample;
			productName = MFiExample;
			productReference = 08B00DC3208F98A500762EE3 /* MFiExample.app */;
			productType = "com.apple.product-type.application";
		};
/* End PBXNativeTarget section */

/* Begin PBXProject section */
		08B00DBB208F98A500762EE3 /* Project object */ = {
			isa = PBXProject;
			attributes = {
				LastUpgradeCheck = 0930;
				ORGANIZATIONNAME = Yuneec;
				TargetAttributes = {
					08B00DC2208F98A500762EE3 = {
						CreatedOnToolsVersion = 9.3;
					};
				};
			};
			buildConfigurationList = 08B00DBE208F98A500762EE3 /* Build configuration list for PBXProject "MFiExample" */;
			compatibilityVersion = "Xcode 9.3";
			developmentRegion = en;
			hasScannedForEncodings = 0;
			knownRegions = (
				en,
				Base,
			);
			mainGroup = 08B00DBA208F98A500762EE3;
			productRefGroup = 08B00DC4208F98A500762EE3 /* Products */;
			projectDirPath = "";
			projectRoot = "";
			targets = (
				08B00DC2208F98A500762EE3 /* MFiExample */,
			);
		};
/* End PBXProject section */

/* Begin PBXResourcesBuildPhase section */
		08B00DC1208F98A500762EE3 /* Resources */ = {
			isa = PBXResourcesBuildPhase;
			buildActionMask = 2147483647;
			files = (
				08B00DD3208F98A700762EE3 /* LaunchScreen.storyboard in Resources */,
				08B00DD0208F98A700762EE3 /* Assets.xcassets in Resources */,
				08B00DCE208F98A500762EE3 /* Main.storyboard in Resources */,
			);
			runOnlyForDeploymentPostprocessing = 0;
		};
/* End PBXResourcesBuildPhase section */

/* Begin PBXSourcesBuildPhase section */
		08B00DBF208F98A500762EE3 /* Sources */ = {
			isa = PBXSourcesBuildPhase;
			buildActionMask = 2147483647;
			files = (
				08B00DE0208FB7DB00762EE3 /* MFiConnectionStateAdapter.m in Sources */,
				08B00DCB208F98A500762EE3 /* ViewController.m in Sources */,
				08B00DD6208F98A700762EE3 /* main.m in Sources */,
				08B00DC8208F98A500762EE3 /* AppDelegate.m in Sources */,
			);
			runOnlyForDeploymentPostprocessing = 0;
		};
/* End PBXSourcesBuildPhase section */

/* Begin PBXVariantGroup section */
		08B00DCC208F98A500762EE3 /* Main.storyboard */ = {
			isa = PBXVariantGroup;
			children = (
				08B00DCD208F98A500762EE3 /* Base */,
			);
			name = Main.storyboard;
			sourceTree = "<group>";
		};
		08B00DD1208F98A700762EE3 /* LaunchScreen.storyboard */ = {
			isa = PBXVariantGroup;
			children = (
				08B00DD2208F98A700762EE3 /* Base */,
			);
			name = LaunchScreen.storyboard;
			sourceTree = "<group>";
		};
/* End PBXVariantGroup section */

/* Begin XCBuildConfiguration section */
		08B00DD7208F98A700762EE3 /* Debug */ = {
			isa = XCBuildConfiguration;
			buildSettings = {
				ALWAYS_SEARCH_USER_PATHS = NO;
				CLANG_ANALYZER_NONNULL = YES;
				CLANG_ANALYZER_NUMBER_OBJECT_CONVERSION = YES_AGGRESSIVE;
				CLANG_CXX_LANGUAGE_STANDARD = "gnu++14";
				CLANG_CXX_LIBRARY = "libc++";
				CLANG_ENABLE_MODULES = YES;
				CLANG_ENABLE_OBJC_ARC = YES;
				CLANG_ENABLE_OBJC_WEAK = YES;
				CLANG_WARN_BLOCK_CAPTURE_AUTORELEASING = YES;
				CLANG_WARN_BOOL_CONVERSION = YES;
				CLANG_WARN_COMMA = YES;
				CLANG_WARN_CONSTANT_CONVERSION = YES;
				CLANG_WARN_DEPRECATED_OBJC_IMPLEMENTATIONS = YES;
				CLANG_WARN_DIRECT_OBJC_ISA_USAGE = YES_ERROR;
				CLANG_WARN_DOCUMENTATION_COMMENTS = YES;
				CLANG_WARN_EMPTY_BODY = YES;
				CLANG_WARN_ENUM_CONVERSION = YES;
				CLANG_WARN_INFINITE_RECURSION = YES;
				CLANG_WARN_INT_CONVERSION = YES;
				CLANG_WARN_NON_LITERAL_NULL_CONVERSION = YES;
				CLANG_WARN_OBJC_IMPLICIT_RETAIN_SELF = YES;
				CLANG_WARN_OBJC_LITERAL_CONVERSION = YES;
				CLANG_WARN_OBJC_ROOT_CLASS = YES_ERROR;
				CLANG_WARN_RANGE_LOOP_ANALYSIS = YES;
				CLANG_WARN_STRICT_PROTOTYPES = YES;
				CLANG_WARN_SUSPICIOUS_MOVE = YES;
				CLANG_WARN_UNGUARDED_AVAILABILITY = YES_AGGRESSIVE;
				CLANG_WARN_UNREACHABLE_CODE = YES;
				CLANG_WARN__DUPLICATE_METHOD_MATCH = YES;
				CODE_SIGN_IDENTITY = "iPhone Developer";
				COPY_PHASE_STRIP = NO;
				DEBUG_INFORMATION_FORMAT = dwarf;
				ENABLE_STRICT_OBJC_MSGSEND = YES;
				ENABLE_TESTABILITY = YES;
				GCC_C_LANGUAGE_STANDARD = gnu11;
				GCC_DYNAMIC_NO_PIC = NO;
				GCC_NO_COMMON_BLOCKS = YES;
				GCC_OPTIMIZATION_LEVEL = 0;
				GCC_PREPROCESSOR_DEFINITIONS = (
					"DEBUG=1",
					"$(inherited)",
				);
				GCC_WARN_64_TO_32_BIT_CONVERSION = YES;
				GCC_WARN_ABOUT_RETURN_TYPE = YES_ERROR;
				GCC_WARN_UNDECLARED_SELECTOR = YES;
				GCC_WARN_UNINITIALIZED_AUTOS = YES_AGGRESSIVE;
				GCC_WARN_UNUSED_FUNCTION = YES;
				GCC_WARN_UNUSED_VARIABLE = YES;
				IPHONEOS_DEPLOYMENT_TARGET = 11.3;
				MTL_ENABLE_DEBUG_INFO = YES;
				ONLY_ACTIVE_ARCH = YES;
				SDKROOT = iphoneos;
			};
			name = Debug;
		};
		08B00DD8208F98A700762EE3 /* Release */ = {
			isa = XCBuildConfiguration;
			buildSettings = {
				ALWAYS_SEARCH_USER_PATHS = NO;
				CLANG_ANALYZER_NONNULL = YES;
				CLANG_ANALYZER_NUMBER_OBJECT_CONVERSION = YES_AGGRESSIVE;
				CLANG_CXX_LANGUAGE_STANDARD = "gnu++14";
				CLANG_CXX_LIBRARY = "libc++";
				CLANG_ENABLE_MODULES = YES;
				CLANG_ENABLE_OBJC_ARC = YES;
				CLANG_ENABLE_OBJC_WEAK = YES;
				CLANG_WARN_BLOCK_CAPTURE_AUTORELEASING = YES;
				CLANG_WARN_BOOL_CONVERSION = YES;
				CLANG_WARN_COMMA = YES;
				CLANG_WARN_CONSTANT_CONVERSION = YES;
				CLANG_WARN_DEPRECATED_OBJC_IMPLEMENTATIONS = YES;
				CLANG_WARN_DIRECT_OBJC_ISA_USAGE = YES_ERROR;
				CLANG_WARN_DOCUMENTATION_COMMENTS = YES;
				CLANG_WARN_EMPTY_BODY = YES;
				CLANG_WARN_ENUM_CONVERSION = YES;
				CLANG_WARN_INFINITE_RECURSION = YES;
				CLANG_WARN_INT_CONVERSION = YES;
				CLANG_WARN_NON_LITERAL_NULL_CONVERSION = YES;
				CLANG_WARN_OBJC_IMPLICIT_RETAIN_SELF = YES;
				CLANG_WARN_OBJC_LITERAL_CONVERSION = YES;
				CLANG_WARN_OBJC_ROOT_CLASS = YES_ERROR;
				CLANG_WARN_RANGE_LOOP_ANALYSIS = YES;
				CLANG_WARN_STRICT_PROTOTYPES = YES;
				CLANG_WARN_SUSPICIOUS_MOVE = YES;
				CLANG_WARN_UNGUARDED_AVAILABILITY = YES_AGGRESSIVE;
				CLANG_WARN_UNREACHABLE_CODE = YES;
				CLANG_WARN__DUPLICATE_METHOD_MATCH = YES;
				CODE_SIGN_IDENTITY = "iPhone Developer";
				COPY_PHASE_STRIP = NO;
				DEBUG_INFORMATION_FORMAT = "dwarf-with-dsym";
				ENABLE_NS_ASSERTIONS = NO;
				ENABLE_STRICT_OBJC_MSGSEND = YES;
				GCC_C_LANGUAGE_STANDARD = gnu11;
				GCC_NO_COMMON_BLOCKS = YES;
				GCC_WARN_64_TO_32_BIT_CONVERSION = YES;
				GCC_WARN_ABOUT_RETURN_TYPE = YES_ERROR;
				GCC_WARN_UNDECLARED_SELECTOR = YES;
				GCC_WARN_UNINITIALIZED_AUTOS = YES_AGGRESSIVE;
				GCC_WARN_UNUSED_FUNCTION = YES;
				GCC_WARN_UNUSED_VARIABLE = YES;
				IPHONEOS_DEPLOYMENT_TARGET = 11.3;
				MTL_ENABLE_DEBUG_INFO = NO;
				SDKROOT = iphoneos;
				VALIDATE_PRODUCT = YES;
			};
			name = Release;
		};
		08B00DDA208F98A700762EE3 /* Debug */ = {
			isa = XCBuildConfiguration;
			buildSettings = {
				ASSETCATALOG_COMPILER_APPICON_NAME = AppIcon;
				CODE_SIGN_IDENTITY = "iPhone Developer";
				CODE_SIGN_STYLE = Automatic;
				DEVELOPMENT_TEAM = PYYYV2LXJ2;
				FRAMEWORK_SEARCH_PATHS = (
					"$(inherited)",
					"$(PROJECT_DIR)",
				);
				HEADER_SEARCH_PATHS = /Users/julianoes/src/c_library_v2_yuneec/;
				INFOPLIST_FILE = MFiExample/Info.plist;
				LD_RUNPATH_SEARCH_PATHS = (
					"$(inherited)",
					"@executable_path/Frameworks",
					"@rpath",
					"@loader_path",
				);
				PRODUCT_BUNDLE_IDENTIFIER = yuneec.MFiExample;
				PRODUCT_NAME = "$(TARGET_NAME)";
				PROVISIONING_PROFILE = "";
				PROVISIONING_PROFILE_SPECIFIER = "";
				TARGETED_DEVICE_FAMILY = "1,2";
			};
			name = Debug;
		};
		08B00DDB208F98A700762EE3 /* Release */ = {
			isa = XCBuildConfiguration;
			buildSettings = {
				ASSETCATALOG_COMPILER_APPICON_NAME = AppIcon;
				CODE_SIGN_IDENTITY = "iPhone Developer";
				CODE_SIGN_STYLE = Automatic;
				DEVELOPMENT_TEAM = PYYYV2LXJ2;
				FRAMEWORK_SEARCH_PATHS = (
					"$(inherited)",
					"$(PROJECT_DIR)",
				);
				HEADER_SEARCH_PATHS = /Users/julianoes/src/c_library_v2_yuneec/;
				INFOPLIST_FILE = MFiExample/Info.plist;
				LD_RUNPATH_SEARCH_PATHS = (
					"$(inherited)",
					"@executable_path/Frameworks",
					"@rpath",
					"@loader_path",
				);
				PRODUCT_BUNDLE_IDENTIFIER = yuneec.MFiExample;
				PRODUCT_NAME = "$(TARGET_NAME)";
				PROVISIONING_PROFILE = "";
				PROVISIONING_PROFILE_SPECIFIER = "";
				TARGETED_DEVICE_FAMILY = "1,2";
			};
			name = Release;
		};
/* End XCBuildConfiguration section */

/* Begin XCConfigurationList section */
		08B00DBE208F98A500762EE3 /* Build configuration list for PBXProject "MFiExample" */ = {
			isa = XCConfigurationList;
			buildConfigurations = (
				08B00DD7208F98A700762EE3 /* Debug */,
				08B00DD8208F98A700762EE3 /* Release */,
			);
			defaultConfigurationIsVisible = 0;
			defaultConfigurationName = Release;
		};
		08B00DD9208F98A700762EE3 /* Build configuration list for PBXNativeTarget "MFiExample" */ = {
			isa = XCConfigurationList;
			buildConfigurations = (
				08B00DDA208F98A700762EE3 /* Debug */,
				08B00DDB208F98A700762EE3 /* Release */,
			);
			defaultConfigurationIsVisible = 0;
			defaultConfigurationName = Release;
		};
/* End XCConfigurationList section */
	};
	rootObject = 08B00DBB208F98A500762EE3 /* Project object */;
}
